<?xml version="1.0" encoding="utf-8"?>
<Project ToolsVersion="4.0" xmlns="http://schemas.microsoft.com/developer/msbuild/2003">
  <ItemGroup>
    <Filter Include="Source Files">
      <UniqueIdentifier>{4FC737F1-C7A5-4376-A066-2A32D752A2FF}</UniqueIdentifier>
      <Extensions>cpp;c;cc;cxx;c++;cppm;ixx;def;odl;idl;hpj;bat;asm;asmx</Extensions>
    </Filter>
    <Filter Include="Header Files">
      <UniqueIdentifier>{93995380-89BD-4b04-88EB-625FBE52EBFB}</UniqueIdentifier>
      <Extensions>h;hh;hpp;hxx;h++;hm;inl;inc;ipp;xsd</Extensions>
    </Filter>
    <Filter Include="Resource Files">
      <UniqueIdentifier>{67DA6AB6-F800-4c08-8B7A-83BB121AAD01}</UniqueIdentifier>
      <Extensions>rc;ico;cur;bmp;dlg;rc2;rct;bin;rgs;gif;jpg;jpeg;jpe;resx;tiff;tif;png;wav;mfcribbon-ms</Extensions>
    </Filter>
    <Filter Include="Source Files\src">
      <UniqueIdentifier>{bad6038c-d57f-4308-b178-63d111e4f2df}</UniqueIdentifier>
    </Filter>
    <Filter Include="Header Files\include">
      <UniqueIdentifier>{315aa4c4-3580-4c67-811d-84f99a31fb7a}</UniqueIdentifier>
    </Filter>
    <Filter Include="Header Files\include\localization">
      <UniqueIdentifier>{1f6923ff-2435-49c9-adf2-5e3473d01b34}</UniqueIdentifier>
    </Filter>
    <Filter Include="Header Files\include\render">
      <UniqueIdentifier>{72e23515-8be9-4608-8930-08f8b6899cdf}</UniqueIdentifier>
    </Filter>
    <Filter Include="Source Files\src\render">
      <UniqueIdentifier>{80731441-3436-4b76-853e-d0f4d41bb312}</UniqueIdentifier>
    </Filter>
    <Filter Include="Source Files\src\localization">
      <UniqueIdentifier>{76875ccc-df2f-4738-953c-4d7590b6bc35}</UniqueIdentifier>
    </Filter>
    <Filter Include="Source Files\src\system">
      <UniqueIdentifier>{e8d47053-9b77-4ef7-b6c8-71c3a320f447}</UniqueIdentifier>
    </Filter>
    <Filter Include="Header Files\include\system">
      <UniqueIdentifier>{b19957c3-b18c-4789-a576-fc52cd00fd63}</UniqueIdentifier>
    </Filter>
    <Filter Include="Source Files\src\system\rendering">
      <UniqueIdentifier>{80afe317-ca0f-4690-a072-ca02eee49249}</UniqueIdentifier>
    </Filter>
    <Filter Include="Source Files\Cicada">
      <UniqueIdentifier>{44b3b2b3-1fbd-4e7c-859f-5efae021a39d}</UniqueIdentifier>
    </Filter>
    <Filter Include="Header Files\Cicada">
      <UniqueIdentifier>{60406c6f-1ab0-4344-9a91-23f429738978}</UniqueIdentifier>
    </Filter>
  </ItemGroup>
  <ItemGroup>
    <ClCompile Include="dllmain.cpp">
      <Filter>Source Files</Filter>
    </ClCompile>
    <ClCompile Include="src\main.cpp">
      <Filter>Source Files\src</Filter>
    </ClCompile>
    <ClCompile Include="ConfigINI.cpp">
      <Filter>Source Files</Filter>
    </ClCompile>
    <ClCompile Include="ConfigINI.h">
      <Filter>Header Files</Filter>
    </ClCompile>
    <ClCompile Include="hook_manager.cpp">
      <Filter>Source Files</Filter>
    </ClCompile>
    <ClCompile Include="WinProc.cpp">
      <Filter>Source Files</Filter>
    </ClCompile>
    <ClCompile Include="src\localization\ConvertJKParser.cpp">
      <Filter>Source Files\src\localization</Filter>
    </ClCompile>
    <ClCompile Include="src\render\TextRenderer.cpp">
      <Filter>Source Files\src\render</Filter>
    </ClCompile>
    <ClCompile Include="src\system\CRT.cpp">
      <Filter>Source Files\src\system</Filter>
    </ClCompile>
    <ClCompile Include="src\system\time.cpp">
      <Filter>Source Files\src\system</Filter>
    </ClCompile>
    <ClCompile Include="src\system\InputSystem.cpp">
      <Filter>Source Files\src\system</Filter>
    </ClCompile>
    <ClCompile Include="src\system\ExceptionHandler.cpp">
      <Filter>Source Files\src\system</Filter>
    </ClCompile>
    <ClCompile Include="src\system\rendering\win32.cpp">
      <Filter>Source Files\src\system\rendering</Filter>
    </ClCompile>
    <ClCompile Include="Cicada\Cicada.cpp">
      <Filter>Source Files\Cicada</Filter>
    </ClCompile>
    <ClCompile Include="CicadaHooks.cpp">
      <Filter>Source Files</Filter>
    </ClCompile>
    <ClCompile Include="src\render\CDWWnd.cpp">
      <Filter>Source Files\src\render</Filter>
    </ClCompile>
    <ClCompile Include="SDL2.cpp">
      <Filter>Source Files</Filter>
    </ClCompile>
    <ClCompile Include="DigimonApp.cpp">
      <Filter>Source Files</Filter>
    </ClCompile>
    <ClCompile Include="rendering\OpenGL.cpp">
      <Filter>Source Files</Filter>
    </ClCompile>
    <ClCompile Include="system\Shutdown.cpp">
      <Filter>Source Files</Filter>
    </ClCompile>
    <ClCompile Include="system\TimSystem.cpp">
      <Filter>Source Files</Filter>
    </ClCompile>
    <ClCompile Include="InitTable.cpp">
      <Filter>Source Files\src</Filter>
    </ClCompile>
    <ClCompile Include="src\TIM.cpp">
      <Filter>Source Files\src</Filter>
    </ClCompile>
    <ClCompile Include="src\localization\TokenHandlers.cpp">
      <Filter>Source Files\src\localization</Filter>
    </ClCompile>
  </ItemGroup>
  <ItemGroup>
    <None Include="D3D8.def">
      <Filter>Source Files</Filter>
    </None>
    <None Include="packages.config" />
  </ItemGroup>
  <ItemGroup>
    <ClInclude Include="include\main.h">
      <Filter>Header Files\include</Filter>
    </ClInclude>
    <ClInclude Include="hook_manager.hpp">
      <Filter>Header Files</Filter>
    </ClInclude>
    <ClInclude Include="include\HookEntryPoints.hpp">
      <Filter>Header Files</Filter>
    </ClInclude>
    <ClInclude Include="include\system\CRT.h">
      <Filter>Header Files</Filter>
    </ClInclude>
    <ClInclude Include="include\system\time.h">
      <Filter>Header Files</Filter>
    </ClInclude>
    <ClInclude Include="GameGlue.h">
      <Filter>Header Files</Filter>
    </ClInclude>
    <ClInclude Include="include\system\FWinApp.h">
      <Filter>Header Files</Filter>
    </ClInclude>
    <ClInclude Include="include\system\InputSystem.hpp">
      <Filter>Header Files</Filter>
    </ClInclude>
    <ClInclude Include="WinProc.h">
      <Filter>Header Files</Filter>
    </ClInclude>
    <ClInclude Include="include\localization\ConvertJKParser.h">
      <Filter>Header Files\include\localization</Filter>
    </ClInclude>
    <ClInclude Include="include\render\TextRenderer.h">
      <Filter>Header Files\include\render</Filter>
    </ClInclude>
    <ClInclude Include="include\MFC42.hpp">
      <Filter>Header Files\include</Filter>
    </ClInclude>
    <ClInclude Include="include\system\ExceptionHandler.h">
      <Filter>Header Files\include\system</Filter>
    </ClInclude>
    <ClInclude Include="Cicada\Cicada.hpp">
      <Filter>Header Files\Cicada</Filter>
    </ClInclude>
    <ClInclude Include="CicadaHooks.hpp">
      <Filter>Header Files</Filter>
    </ClInclude>
    <ClInclude Include="include\USER32.hpp">
      <Filter>Header Files\include</Filter>
    </ClInclude>
    <ClInclude Include="include\CDWWnd.hpp">
      <Filter>Header Files\include</Filter>
    </ClInclude>
    <ClInclude Include="SDL2.hpp">
      <Filter>Header Files</Filter>
    </ClInclude>
    <ClInclude Include="DigimonApp.hpp">
      <Filter>Header Files</Filter>
    </ClInclude>
    <ClInclude Include="rendering\Renderer.hpp">
      <Filter>Header Files</Filter>
    </ClInclude>
    <ClInclude Include="system\Shutdown.hpp">
      <Filter>Header Files</Filter>
    </ClInclude>
    <ClInclude Include="system\TimSystem.hpp">
      <Filter>Header Files</Filter>
    </ClInclude>
    <ClInclude Include="InitTable.h">
      <Filter>Header Files\include</Filter>
    </ClInclude>
    <ClInclude Include="include\TIM.h">
      <Filter>Header Files\include\system</Filter>
    </ClInclude>
    <ClInclude Include="include\localization\TokenHandlers.h">
      <Filter>Header Files\include\localization</Filter>
    </ClInclude>
  </ItemGroup>
</Project>